
Microsoft Visual Studio Solution File, Format Version 12.00
# Visual Studio 15
VisualStudioVersion = 15.0.27130.2036
MinimumVisualStudioVersion = 10.0.40219.1
Project("{2150E333-8FDC-42A3-9474-1A3956D46DE8}") = "Engine", "Engine", "{63947D94-5BBC-4BED-9692-57E31FF73D0F}"
EndProject
Project("{2150E333-8FDC-42A3-9474-1A3956D46DE8}") = "Games", "Games", "{9A14BFA9-43EF-40D3-B76B-F8421FC1B7A1}"
EndProject
Project("{8BC9CEB8-8B4A-11D0-8D11-00A0C91BC942}") = "UE4", "Intermediate\ProjectFiles\UE4.vcxproj", "{891515D8-2BF2-4D98-B367-8BFE695E352D}"
EndProject
Project("{8BC9CEB8-8B4A-11D0-8D11-00A0C91BC942}") = "BuildingEscape", "Intermediate\ProjectFiles\BuildingEscape.vcxproj", "{4B5B6143-1223-4F4C-BA5C-1B59187A2F43}"
EndProject
Global
	GlobalSection(SolutionConfigurationPlatforms) = preSolution
		DebugGame Editor|HTML5 = DebugGame Editor|HTML5
		DebugGame Editor|Win32 = DebugGame Editor|Win32
		DebugGame Editor|Win64 = DebugGame Editor|Win64
		DebugGame|HTML5 = DebugGame|HTML5
		DebugGame|Win32 = DebugGame|Win32
		DebugGame|Win64 = DebugGame|Win64
		Development Editor|HTML5 = Development Editor|HTML5
		Development Editor|Win32 = Development Editor|Win32
		Development Editor|Win64 = Development Editor|Win64
		Development|HTML5 = Development|HTML5
		Development|Win32 = Development|Win32
		Development|Win64 = Development|Win64
		Shipping|HTML5 = Shipping|HTML5
		Shipping|Win32 = Shipping|Win32
		Shipping|Win64 = Shipping|Win64
	EndGlobalSection
	GlobalSection(ProjectConfigurationPlatforms) = postSolution
		{891515D8-2BF2-4D98-B367-8BFE695E352D}.DebugGame Editor|HTML5.ActiveCfg = BuiltWithUnrealBuildTool|Win32
		{891515D8-2BF2-4D98-B367-8BFE695E352D}.DebugGame Editor|HTML5.Build.0 = BuiltWithUnrealBuildTool|Win32
		{891515D8-2BF2-4D98-B367-8BFE695E352D}.DebugGame Editor|Win32.ActiveCfg = BuiltWithUnrealBuildTool|Win32
		{891515D8-2BF2-4D98-B367-8BFE695E352D}.DebugGame Editor|Win32.Build.0 = BuiltWithUnrealBuildTool|Win32
		{891515D8-2BF2-4D98-B367-8BFE695E352D}.DebugGame Editor|Win64.ActiveCfg = BuiltWithUnrealBuildTool|Win32
		{891515D8-2BF2-4D98-B367-8BFE695E352D}.DebugGame Editor|Win64.Build.0 = BuiltWithUnrealBuildTool|Win32
		{891515D8-2BF2-4D98-B367-8BFE695E352D}.DebugGame|HTML5.ActiveCfg = BuiltWithUnrealBuildTool|Win32
		{891515D8-2BF2-4D98-B367-8BFE695E352D}.DebugGame|HTML5.Build.0 = BuiltWithUnrealBuildTool|Win32
		{891515D8-2BF2-4D98-B367-8BFE695E352D}.DebugGame|Win32.ActiveCfg = BuiltWithUnrealBuildTool|Win32
		{891515D8-2BF2-4D98-B367-8BFE695E352D}.DebugGame|Win32.Build.0 = BuiltWithUnrealBuildTool|Win32
		{891515D8-2BF2-4D98-B367-8BFE695E352D}.DebugGame|Win64.ActiveCfg = BuiltWithUnrealBuildTool|Win32
		{891515D8-2BF2-4D98-B367-8BFE695E352D}.DebugGame|Win64.Build.0 = BuiltWithUnrealBuildTool|Win32
		{891515D8-2BF2-4D98-B367-8BFE695E352D}.Development Editor|HTML5.ActiveCfg = BuiltWithUnrealBuildTool|Win32
		{891515D8-2BF2-4D98-B367-8BFE695E352D}.Development Editor|HTML5.Build.0 = BuiltWithUnrealBuildTool|Win32
		{891515D8-2BF2-4D98-B367-8BFE695E352D}.Development Editor|Win32.ActiveCfg = BuiltWithUnrealBuildTool|Win32
		{891515D8-2BF2-4D98-B367-8BFE695E352D}.Development Editor|Win32.Build.0 = BuiltWithUnrealBuildTool|Win32
		{891515D8-2BF2-4D98-B367-8BFE695E352D}.Development Editor|Win64.ActiveCfg = BuiltWithUnrealBuildTool|Win32
		{891515D8-2BF2-4D98-B367-8BFE695E352D}.Development Editor|Win64.Build.0 = BuiltWithUnrealBuildTool|Win32
		{891515D8-2BF2-4D98-B367-8BFE695E352D}.Development|HTML5.ActiveCfg = BuiltWithUnrealBuildTool|Win32
		{891515D8-2BF2-4D98-B367-8BFE695E352D}.Development|HTML5.Build.0 = BuiltWithUnrealBuildTool|Win32
		{891515D8-2BF2-4D98-B367-8BFE695E352D}.Development|Win32.ActiveCfg = BuiltWithUnrealBuildTool|Win32
		{891515D8-2BF2-4D98-B367-8BFE695E352D}.Development|Win32.Build.0 = BuiltWithUnrealBuildTool|Win32
		{891515D8-2BF2-4D98-B367-8BFE695E352D}.Development|Win64.ActiveCfg = BuiltWithUnrealBuildTool|Win32
		{891515D8-2BF2-4D98-B367-8BFE695E352D}.Development|Win64.Build.0 = BuiltWithUnrealBuildTool|Win32
		{891515D8-2BF2-4D98-B367-8BFE695E352D}.Shipping|HTML5.ActiveCfg = BuiltWithUnrealBuildTool|Win32
		{891515D8-2BF2-4D98-B367-8BFE695E352D}.Shipping|HTML5.Build.0 = BuiltWithUnrealBuildTool|Win32
		{891515D8-2BF2-4D98-B367-8BFE695E352D}.Shipping|Win32.ActiveCfg = BuiltWithUnrealBuildTool|Win32
		{891515D8-2BF2-4D98-B367-8BFE695E352D}.Shipping|Win32.Build.0 = BuiltWithUnrealBuildTool|Win32
		{891515D8-2BF2-4D98-B367-8BFE695E352D}.Shipping|Win64.ActiveCfg = BuiltWithUnrealBuildTool|Win32
		{891515D8-2BF2-4D98-B367-8BFE695E352D}.Shipping|Win64.Build.0 = BuiltWithUnrealBuildTool|Win32
		{4B5B6143-1223-4F4C-BA5C-1B59187A2F43}.DebugGame Editor|HTML5.ActiveCfg = HTML5_DebugGame_Editor|Win32
		{4B5B6143-1223-4F4C-BA5C-1B59187A2F43}.DebugGame Editor|Win32.ActiveCfg = DebugGame_Editor|Win32
		{4B5B6143-1223-4F4C-BA5C-1B59187A2F43}.DebugGame Editor|Win64.ActiveCfg = DebugGame_Editor|x64
		{4B5B6143-1223-4F4C-BA5C-1B59187A2F43}.DebugGame Editor|Win64.Build.0 = DebugGame_Editor|x64
		{4B5B6143-1223-4F4C-BA5C-1B59187A2F43}.DebugGame|HTML5.ActiveCfg = HTML5_DebugGame_Game|Win32
		{4B5B6143-1223-4F4C-BA5C-1B59187A2F43}.DebugGame|HTML5.Build.0 = HTML5_DebugGame_Game|Win32
		{4B5B6143-1223-4F4C-BA5C-1B59187A2F43}.DebugGame|Win32.ActiveCfg = DebugGame_Game|Win32
		{4B5B6143-1223-4F4C-BA5C-1B59187A2F43}.DebugGame|Win32.Build.0 = DebugGame_Game|Win32
		{4B5B6143-1223-4F4C-BA5C-1B59187A2F43}.DebugGame|Win64.ActiveCfg = DebugGame_Game|x64
		{4B5B6143-1223-4F4C-BA5C-1B59187A2F43}.DebugGame|Win64.Build.0 = DebugGame_Game|x64
		{4B5B6143-1223-4F4C-BA5C-1B59187A2F43}.Development Editor|HTML5.ActiveCfg = HTML5_Development_Editor|Win32
		{4B5B6143-1223-4F4C-BA5C-1B59187A2F43}.Development Editor|Win32.ActiveCfg = Development_Editor|Win32
		{4B5B6143-1223-4F4C-BA5C-1B59187A2F43}.Development Editor|Win64.ActiveCfg = Development_Editor|x64
		{4B5B6143-1223-4F4C-BA5C-1B59187A2F43}.Development Editor|Win64.Build.0 = Development_Editor|x64
		{4B5B6143-1223-4F4C-BA5C-1B59187A2F43}.Development|HTML5.ActiveCfg = HTML5_Development_Game|Win32
		{4B5B6143-1223-4F4C-BA5C-1B59187A2F43}.Development|HTML5.Build.0 = HTML5_Development_Game|Win32
		{4B5B6143-1223-4F4C-BA5C-1B59187A2F43}.Development|Win32.ActiveCfg = Development_Game|Win32
		{4B5B6143-1223-4F4C-BA5C-1B59187A2F43}.Development|Win32.Build.0 = Development_Game|Win32
		{4B5B6143-1223-4F4C-BA5C-1B59187A2F43}.Development|Win64.ActiveCfg = Development_Game|x64
		{4B5B6143-1223-4F4C-BA5C-1B59187A2F43}.Development|Win64.Build.0 = Development_Game|x64
		{4B5B6143-1223-4F4C-BA5C-1B59187A2F43}.Shipping|HTML5.ActiveCfg = HTML5_Shipping_Game|Win32
		{4B5B6143-1223-4F4C-BA5C-1B59187A2F43}.Shipping|HTML5.Build.0 = HTML5_Shipping_Game|Win32
		{4B5B6143-1223-4F4C-BA5C-1B59187A2F43}.Shipping|Win32.ActiveCfg = Shipping_Game|Win32
		{4B5B6143-1223-4F4C-BA5C-1B59187A2F43}.Shipping|Win32.Build.0 = Shipping_Game|Win32
		{4B5B6143-1223-4F4C-BA5C-1B59187A2F43}.Shipping|Win64.ActiveCfg = Shipping_Game|x64
		{4B5B6143-1223-4F4C-BA5C-1B59187A2F43}.Shipping|Win64.Build.0 = Shipping_Game|x64
	EndGlobalSection
	GlobalSection(SolutionProperties) = preSolution
		HideSolutionNode = FALSE
	EndGlobalSection
	GlobalSection(NestedProjects) = preSolution
		{891515D8-2BF2-4D98-B367-8BFE695E352D} = {63947D94-5BBC-4BED-9692-57E31FF73D0F}
		{4B5B6143-1223-4F4C-BA5C-1B59187A2F43} = {9A14BFA9-43EF-40D3-B76B-F8421FC1B7A1}
	EndGlobalSection
	GlobalSection(ExtensibilityGlobals) = postSolution
		SolutionGuid = {EE4BC6F5-F507-4F12-80AE-C390620842D2}
	EndGlobalSection
EndGlobal
